
Microsoft Visual Studio Solution File, Format Version 12.00
# Visual Studio 2013
VisualStudioVersion = 12.0.31101.0
MinimumVisualStudioVersion = 10.0.40219.1
Project("{8BC9CEB8-8B4A-11D0-8D11-00A0C91BC942}") = "iqvis", "sys\iqvis.vcxproj", "{AA41260B-0295-42B7-9543-DA681660EA36}"
EndProject
Project("{8BC9CEB8-8B4A-11D0-8D11-00A0C91BC942}") = "iqvisexe", "exe\iqvisexe.vcxproj", "{B3248021-72E7-4DEB-AEDE-6630EECD2B97}"
EndProject
Global
	GlobalSection(SolutionConfigurationPlatforms) = preSolution
		Debug|x64 = Debug|x64
		Release|x64 = Release|x64
		Win7 Debug|x64 = Win7 Debug|x64
		Win7 Release|x64 = Win7 Release|x64
		Win8 Debug|x64 = Win8 Debug|x64
		Win8 Release|x64 = Win8 Release|x64
		Win8.1 Debug|x64 = Win8.1 Debug|x64
		Win8.1 Release|x64 = Win8.1 Release|x64
	EndGlobalSection
	GlobalSection(ProjectConfigurationPlatforms) = postSolution
		{AA41260B-0295-42B7-9543-DA681660EA36}.Debug|x64.ActiveCfg = Win8.1 Debug|x64
		{AA41260B-0295-42B7-9543-DA681660EA36}.Debug|x64.Build.0 = Win8.1 Debug|x64
		{AA41260B-0295-42B7-9543-DA681660EA36}.Debug|x64.Deploy.0 = Win8.1 Debug|x64
		{AA41260B-0295-42B7-9543-DA681660EA36}.Release|x64.ActiveCfg = Win8.1 Release|x64
		{AA41260B-0295-42B7-9543-DA681660EA36}.Release|x64.Build.0 = Win8.1 Release|x64
		{AA41260B-0295-42B7-9543-DA681660EA36}.Release|x64.Deploy.0 = Win8.1 Release|x64
		{AA41260B-0295-42B7-9543-DA681660EA36}.Win7 Debug|x64.ActiveCfg = Win7 Debug|x64
		{AA41260B-0295-42B7-9543-DA681660EA36}.Win7 Debug|x64.Build.0 = Win7 Debug|x64
		{AA41260B-0295-42B7-9543-DA681660EA36}.Win7 Debug|x64.Deploy.0 = Win7 Debug|x64
		{AA41260B-0295-42B7-9543-DA681660EA36}.Win7 Release|x64.ActiveCfg = Win7 Release|x64
		{AA41260B-0295-42B7-9543-DA681660EA36}.Win7 Release|x64.Build.0 = Win7 Release|x64
		{AA41260B-0295-42B7-9543-DA681660EA36}.Win7 Release|x64.Deploy.0 = Win7 Release|x64
		{AA41260B-0295-42B7-9543-DA681660EA36}.Win8 Debug|x64.ActiveCfg = Win8 Debug|x64
		{AA41260B-0295-42B7-9543-DA681660EA36}.Win8 Debug|x64.Build.0 = Win8 Debug|x64
		{AA41260B-0295-42B7-9543-DA681660EA36}.Win8 Debug|x64.Deploy.0 = Win8 Debug|x64
		{AA41260B-0295-42B7-9543-DA681660EA36}.Win8 Release|x64.ActiveCfg = Win8 Release|x64
		{AA41260B-0295-42B7-9543-DA681660EA36}.Win8 Release|x64.Build.0 = Win8 Release|x64
		{AA41260B-0295-42B7-9543-DA681660EA36}.Win8 Release|x64.Deploy.0 = Win8 Release|x64
		{AA41260B-0295-42B7-9543-DA681660EA36}.Win8.1 Debug|x64.ActiveCfg = Win8.1 Debug|x64
		{AA41260B-0295-42B7-9543-DA681660EA36}.Win8.1 Debug|x64.Build.0 = Win8.1 Debug|x64
		{AA41260B-0295-42B7-9543-DA681660EA36}.Win8.1 Debug|x64.Deploy.0 = Win8.1 Debug|x64
		{AA41260B-0295-42B7-9543-DA681660EA36}.Win8.1 Release|x64.ActiveCfg = Win8.1 Release|x64
		{AA41260B-0295-42B7-9543-DA681660EA36}.Win8.1 Release|x64.Build.0 = Win8.1 Release|x64
		{AA41260B-0295-42B7-9543-DA681660EA36}.Win8.1 Release|x64.Deploy.0 = Win8.1 Release|x64
		{B3248021-72E7-4DEB-AEDE-6630EECD2B97}.Debug|x64.ActiveCfg = Debug|x64
		{B3248021-72E7-4DEB-AEDE-6630EECD2B97}.Debug|x64.Build.0 = Debug|x64
		{B3248021-72E7-4DEB-AEDE-6630EECD2B97}.Debug|x64.Deploy.0 = Debug|x64
		{B3248021-72E7-4DEB-AEDE-6630EECD2B97}.Release|x64.ActiveCfg = Release|x64
		{B3248021-72E7-4DEB-AEDE-6630EECD2B97}.Release|x64.Build.0 = Release|x64
		{B3248021-72E7-4DEB-AEDE-6630EECD2B97}.Release|x64.Deploy.0 = Release|x64
		{B3248021-72E7-4DEB-AEDE-6630EECD2B97}.Win7 Debug|x64.ActiveCfg = Debug|x64
		{B3248021-72E7-4DEB-AEDE-6630EECD2B97}.Win7 Debug|x64.Build.0 = Debug|x64
		{B3248021-72E7-4DEB-AEDE-6630EECD2B97}.Win7 Debug|x64.Deploy.0 = Debug|x64
		{B3248021-72E7-4DEB-AEDE-6630EECD2B97}.Win7 Release|x64.ActiveCfg = Release|x64
		{B3248021-72E7-4DEB-AEDE-6630EECD2B97}.Win7 Release|x64.Build.0 = Release|x64
		{B3248021-72E7-4DEB-AEDE-6630EECD2B97}.Win7 Release|x64.Deploy.0 = Release|x64
		{B3248021-72E7-4DEB-AEDE-6630EECD2B97}.Win8 Debug|x64.ActiveCfg = Debug|x64
		{B3248021-72E7-4DEB-AEDE-6630EECD2B97}.Win8 Debug|x64.Build.0 = Debug|x64
		{B3248021-72E7-4DEB-AEDE-6630EECD2B97}.Win8 Debug|x64.Deploy.0 = Debug|x64
		{B3248021-72E7-4DEB-AEDE-6630EECD2B97}.Win8 Release|x64.ActiveCfg = Release|x64
		{B3248021-72E7-4DEB-AEDE-6630EECD2B97}.Win8 Release|x64.Build.0 = Release|x64
		{B3248021-72E7-4DEB-AEDE-6630EECD2B97}.Win8 Release|x64.Deploy.0 = Release|x64
		{B3248021-72E7-4DEB-AEDE-6630EECD2B97}.Win8.1 Debug|x64.ActiveCfg = Debug|x64
		{B3248021-72E7-4DEB-AEDE-6630EECD2B97}.Win8.1 Debug|x64.Build.0 = Debug|x64
		{B3248021-72E7-4DEB-AEDE-6630EECD2B97}.Win8.1 Debug|x64.Deploy.0 = Debug|x64
		{B3248021-72E7-4DEB-AEDE-6630EECD2B97}.Win8.1 Release|x64.ActiveCfg = Release|x64
		{B3248021-72E7-4DEB-AEDE-6630EECD2B97}.Win8.1 Release|x64.Build.0 = Release|x64
		{B3248021-72E7-4DEB-AEDE-6630EECD2B97}.Win8.1 Release|x64.Deploy.0 = Release|x64
	EndGlobalSection
	GlobalSection(SolutionProperties) = preSolution
		HideSolutionNode = FALSE
	EndGlobalSection
EndGlobal
