
Microsoft Visual Studio Solution File, Format Version 12.00
# Visual Studio 2013
VisualStudioVersion = 12.0
MinimumVisualStudioVersion = 12.0
Project("{2150E333-8FDC-42A3-9474-1A3956D46DE8}") = "Iqvis-Package", "Iqvis-Package", "{288E57A4-C53E-4426-BB98-E89D6E31DF2B}"
EndProject
Project("{8BC9CEB8-8B4A-11D0-8D11-00A0C91BC942}") = "iqvis-Package", "iqvis-Package\iqvis-Package.vcxproj", "{314B4461-26D4-484A-8660-57D4069AD871}"
EndProject
Project("{8BC9CEB8-8B4A-11D0-8D11-00A0C91BC942}") = "iqvis", "iqvis.vcxproj", "{AA41260B-0295-42B7-9543-DA681660EA36}"
EndProject
Global
	GlobalSection(SolutionConfigurationPlatforms) = preSolution
		Win8.1 Debug|Win32 = Win8.1 Debug|Win32
		Win8.1 Debug|x64 = Win8.1 Debug|x64
		Win8.1 Release|Win32 = Win8.1 Release|Win32
		Win8.1 Release|x64 = Win8.1 Release|x64
		Win8 Debug|Win32 = Win8 Debug|Win32
		Win8 Debug|x64 = Win8 Debug|x64
		Win8 Release|Win32 = Win8 Release|Win32
		Win8 Release|x64 = Win8 Release|x64
		Win7 Debug|Win32 = Win7 Debug|Win32
		Win7 Debug|x64 = Win7 Debug|x64
		Win7 Release|Win32 = Win7 Release|Win32
		Win7 Release|x64 = Win7 Release|x64
	EndGlobalSection
	GlobalSection(ProjectConfigurationPlatforms) = postSolution
		{314B4461-26D4-484A-8660-57D4069AD871}.Win8.1 Debug|Win32.ActiveCfg = Win8.1 Debug|Win32
		{314B4461-26D4-484A-8660-57D4069AD871}.Win8.1 Debug|Win32.Build.0 = Win8.1 Debug|Win32
		{314B4461-26D4-484A-8660-57D4069AD871}.Win8.1 Debug|x64.ActiveCfg = Win8.1 Debug|x64
		{314B4461-26D4-484A-8660-57D4069AD871}.Win8.1 Debug|x64.Build.0 = Win8.1 Debug|x64
		{314B4461-26D4-484A-8660-57D4069AD871}.Win8.1 Release|Win32.ActiveCfg = Win8.1 Release|Win32
		{314B4461-26D4-484A-8660-57D4069AD871}.Win8.1 Release|Win32.Build.0 = Win8.1 Release|Win32
		{314B4461-26D4-484A-8660-57D4069AD871}.Win8.1 Release|x64.ActiveCfg = Win8.1 Release|x64
		{314B4461-26D4-484A-8660-57D4069AD871}.Win8.1 Release|x64.Build.0 = Win8.1 Release|x64
		{314B4461-26D4-484A-8660-57D4069AD871}.Win8 Debug|Win32.ActiveCfg = Win8 Debug|Win32
		{314B4461-26D4-484A-8660-57D4069AD871}.Win8 Debug|Win32.Build.0 = Win8 Debug|Win32
		{314B4461-26D4-484A-8660-57D4069AD871}.Win8 Debug|x64.ActiveCfg = Win8 Debug|x64
		{314B4461-26D4-484A-8660-57D4069AD871}.Win8 Debug|x64.Build.0 = Win8 Debug|x64
		{314B4461-26D4-484A-8660-57D4069AD871}.Win8 Release|Win32.ActiveCfg = Win8 Release|Win32
		{314B4461-26D4-484A-8660-57D4069AD871}.Win8 Release|Win32.Build.0 = Win8 Release|Win32
		{314B4461-26D4-484A-8660-57D4069AD871}.Win8 Release|x64.ActiveCfg = Win8 Release|x64
		{314B4461-26D4-484A-8660-57D4069AD871}.Win8 Release|x64.Build.0 = Win8 Release|x64
		{314B4461-26D4-484A-8660-57D4069AD871}.Win7 Debug|Win32.ActiveCfg = Win7 Debug|Win32
		{314B4461-26D4-484A-8660-57D4069AD871}.Win7 Debug|Win32.Build.0 = Win7 Debug|Win32
		{314B4461-26D4-484A-8660-57D4069AD871}.Win7 Debug|x64.ActiveCfg = Win7 Debug|x64
		{314B4461-26D4-484A-8660-57D4069AD871}.Win7 Debug|x64.Build.0 = Win7 Debug|x64
		{314B4461-26D4-484A-8660-57D4069AD871}.Win7 Release|Win32.ActiveCfg = Win7 Release|Win32
		{314B4461-26D4-484A-8660-57D4069AD871}.Win7 Release|Win32.Build.0 = Win7 Release|Win32
		{314B4461-26D4-484A-8660-57D4069AD871}.Win7 Release|x64.ActiveCfg = Win7 Release|x64
		{314B4461-26D4-484A-8660-57D4069AD871}.Win7 Release|x64.Build.0 = Win7 Release|x64
		{AA41260B-0295-42B7-9543-DA681660EA36}.Win8.1 Debug|Win32.ActiveCfg = Win8.1 Debug|Win32
		{AA41260B-0295-42B7-9543-DA681660EA36}.Win8.1 Debug|Win32.Build.0 = Win8.1 Debug|Win32
		{AA41260B-0295-42B7-9543-DA681660EA36}.Win8.1 Debug|x64.ActiveCfg = Win8.1 Debug|x64
		{AA41260B-0295-42B7-9543-DA681660EA36}.Win8.1 Debug|x64.Build.0 = Win8.1 Debug|x64
		{AA41260B-0295-42B7-9543-DA681660EA36}.Win8.1 Release|Win32.ActiveCfg = Win8.1 Release|Win32
		{AA41260B-0295-42B7-9543-DA681660EA36}.Win8.1 Release|Win32.Build.0 = Win8.1 Release|Win32
		{AA41260B-0295-42B7-9543-DA681660EA36}.Win8.1 Release|x64.ActiveCfg = Win8.1 Release|x64
		{AA41260B-0295-42B7-9543-DA681660EA36}.Win8.1 Release|x64.Build.0 = Win8.1 Release|x64
		{AA41260B-0295-42B7-9543-DA681660EA36}.Win8 Debug|Win32.ActiveCfg = Win8 Debug|Win32
		{AA41260B-0295-42B7-9543-DA681660EA36}.Win8 Debug|Win32.Build.0 = Win8 Debug|Win32
		{AA41260B-0295-42B7-9543-DA681660EA36}.Win8 Debug|x64.ActiveCfg = Win8 Debug|x64
		{AA41260B-0295-42B7-9543-DA681660EA36}.Win8 Debug|x64.Build.0 = Win8 Debug|x64
		{AA41260B-0295-42B7-9543-DA681660EA36}.Win8 Release|Win32.ActiveCfg = Win8 Release|Win32
		{AA41260B-0295-42B7-9543-DA681660EA36}.Win8 Release|Win32.Build.0 = Win8 Release|Win32
		{AA41260B-0295-42B7-9543-DA681660EA36}.Win8 Release|x64.ActiveCfg = Win8 Release|x64
		{AA41260B-0295-42B7-9543-DA681660EA36}.Win8 Release|x64.Build.0 = Win8 Release|x64
		{AA41260B-0295-42B7-9543-DA681660EA36}.Win7 Debug|Win32.ActiveCfg = Win7 Debug|Win32
		{AA41260B-0295-42B7-9543-DA681660EA36}.Win7 Debug|Win32.Build.0 = Win7 Debug|Win32
		{AA41260B-0295-42B7-9543-DA681660EA36}.Win7 Debug|x64.ActiveCfg = Win7 Debug|x64
		{AA41260B-0295-42B7-9543-DA681660EA36}.Win7 Debug|x64.Build.0 = Win7 Debug|x64
		{AA41260B-0295-42B7-9543-DA681660EA36}.Win7 Release|Win32.ActiveCfg = Win7 Release|Win32
		{AA41260B-0295-42B7-9543-DA681660EA36}.Win7 Release|Win32.Build.0 = Win7 Release|Win32
		{AA41260B-0295-42B7-9543-DA681660EA36}.Win7 Release|x64.ActiveCfg = Win7 Release|x64
		{AA41260B-0295-42B7-9543-DA681660EA36}.Win7 Release|x64.Build.0 = Win7 Release|x64
	EndGlobalSection
	GlobalSection(SolutionProperties) = preSolution
		HideSolutionNode = FALSE
	EndGlobalSection
	GlobalSection(NestedProjects) = preSolution
		{314B4461-26D4-484A-8660-57D4069AD871} = {288E57A4-C53E-4426-BB98-E89D6E31DF2B}
	EndGlobalSection
EndGlobal
